
Microsoft Visual Studio Solution File, Format Version 12.00
Project("{FAE04EC0-301F-11D3-BF4B-00C04F79EFBC}") = "TLPractice", "TLPractice\TLPractice.csproj", "{A645C358-564A-43FC-996E-5302069A1157}"
EndProject
Project("{FAE04EC0-301F-11D3-BF4B-00C04F79EFBC}") = "Shapes", "Shapes\Shapes.csproj", "{A420FE8F-AFC7-422B-9701-C47619F691E2}"
EndProject
Global
	GlobalSection(SolutionConfigurationPlatforms) = preSolution
		Debug|Any CPU = Debug|Any CPU
		Release|Any CPU = Release|Any CPU
	EndGlobalSection
	GlobalSection(ProjectConfigurationPlatforms) = postSolution
		{A645C358-564A-43FC-996E-5302069A1157}.Debug|Any CPU.ActiveCfg = Debug|Any CPU
		{A645C358-564A-43FC-996E-5302069A1157}.Debug|Any CPU.Build.0 = Debug|Any CPU
		{A645C358-564A-43FC-996E-5302069A1157}.Release|Any CPU.ActiveCfg = Release|Any CPU
		{A645C358-564A-43FC-996E-5302069A1157}.Release|Any CPU.Build.0 = Release|Any CPU
		{A420FE8F-AFC7-422B-9701-C47619F691E2}.Debug|Any CPU.ActiveCfg = Debug|Any CPU
		{A420FE8F-AFC7-422B-9701-C47619F691E2}.Debug|Any CPU.Build.0 = Debug|Any CPU
		{A420FE8F-AFC7-422B-9701-C47619F691E2}.Release|Any CPU.ActiveCfg = Release|Any CPU
		{A420FE8F-AFC7-422B-9701-C47619F691E2}.Release|Any CPU.Build.0 = Release|Any CPU
	EndGlobalSection
EndGlobal
